{
  "nodes": {
    "crane": {
      "locked": {
        "lastModified": 1758758545,
        "narHash": "sha256-NU5WaEdfwF6i8faJ2Yh+jcK9vVFrofLcwlD/mP65JrI=",
        "owner": "ipetkov",
        "repo": "crane",
        "rev": "95d528a5f54eaba0d12102249ce42f4d01f4e364",
        "type": "github"
      },
      "original": {
        "owner": "ipetkov",
        "repo": "crane",
        "type": "github"
      }
    },
    "fenix": {
      "inputs": {
        "nixpkgs": [
          "naersk",
          "nixpkgs"
        ],
        "rust-analyzer-src": "rust-analyzer-src"
      },
      "locked": {
        "lastModified": 1752475459,
        "narHash": "sha256-z6QEu4ZFuHiqdOPbYss4/Q8B0BFhacR8ts6jO/F/aOU=",
        "owner": "nix-community",
        "repo": "fenix",
        "rev": "bf0d6f70f4c9a9cf8845f992105652173f4b617f",
        "type": "github"
      },
      "original": {
        "owner": "nix-community",
        "repo": "fenix",
        "type": "github"
      }
    },
    "flake-parts": {
      "inputs": {
        "nixpkgs-lib": [
          "wayland-pipewire-idle-inhibit",
          "nixpkgs"
        ]
      },
      "locked": {
        "lastModified": 1772408722,
        "narHash": "sha256-rHuJtdcOjK7rAHpHphUb1iCvgkU3GpfvicLMwwnfMT0=",
        "owner": "hercules-ci",
        "repo": "flake-parts",
        "rev": "f20dc5d9b8027381c474144ecabc9034d6a839a3",
        "type": "github"
      },
      "original": {
        "owner": "hercules-ci",
        "repo": "flake-parts",
        "type": "github"
      }
    },
    "flow": {
      "flake": false,
      "locked": {
        "lastModified": 1758090652,
        "narHash": "sha256-ybkQklhr/r8XodqSPeg70Iyt+dHmSjL+rlNimq2LMDM=",
        "owner": "stefur",
        "repo": "flow",
        "rev": "c61e096adbd7c5a467a7fdedd640ca06757c0349",
        "type": "github"
      },
      "original": {
        "owner": "stefur",
        "ref": "v0.2.1",
        "repo": "flow",
        "type": "github"
      }
    },
    "home-manager": {
      "inputs": {
        "nixpkgs": [
          "nixpkgs"
        ]
      },
      "locked": {
        "lastModified": 1780361225,
        "narHash": "sha256-wnV9ttf4fPWNonBIQmvlrSlNpQYgx5HgWWd007mwIFA=",
        "owner": "nix-community",
        "repo": "home-manager",
        "rev": "e28654b71096e08c019d4861ca26acb646f583d8",
        "type": "github"
      },
      "original": {
        "owner": "nix-community",
        "ref": "release-26.05",
        "repo": "home-manager",
        "type": "github"
      }
    },
    "llm": {
      "inputs": {
        "mcp-servers-nix": [
          "mcp-servers-nix"
        ],
        "nixpkgs": [
          "nixpkgs"
        ],
        "systems": [
          "systems"
        ]
      },
      "locked": {
        "path": "./llm",
        "type": "path"
      },
      "original": {
        "path": "./llm",
        "type": "path"
      },
      "parent": []
    },
    "mcp-servers-nix": {
      "inputs": {
        "nixpkgs": [
          "nixpkgs"
        ]
      },
      "locked": {
        "lastModified": 1780199444,
        "narHash": "sha256-W2jQfpjQXqdVTB6Pt49Gie6g8ydyGKlxZDMJnZEeFS8=",
        "owner": "natsukium",
        "repo": "mcp-servers-nix",
        "rev": "a8a354fbb77dc527daadfc25bba6cd324e383fcc",
        "type": "github"
      },
      "original": {
        "owner": "natsukium",
        "repo": "mcp-servers-nix",
        "type": "github"
      }
    },
    "mime-db": {
      "flake": false,
      "locked": {
        "lastModified": 1773485433,
        "narHash": "sha256-1jgV1Q7BI3zEDMBZ0jOzxf2usqbXZXQHRf38lXLsaOM=",
        "owner": "jshttp",
        "repo": "mime-db",
        "rev": "c03ddfcab556ab61768dd77d9c52b8fbdb17b4dc",
        "type": "github"
      },
      "original": {
        "owner": "jshttp",
        "repo": "mime-db",
        "type": "github"
      }
    },
    "naersk": {
      "inputs": {
        "fenix": "fenix",
        "nixpkgs": [
          "nixpkgs"
        ]
      },
      "locked": {
        "lastModified": 1778151388,
        "narHash": "sha256-lldMJPUeouEjO8/7aLuwhcsIw29vVihm2ZALzjiqfec=",
        "owner": "nix-community",
        "repo": "naersk",
        "rev": "efdddff9ff4d8e7d0056d57ec67dac50f75ab8f6",
        "type": "github"
      },
      "original": {
        "owner": "nix-community",
        "ref": "master",
        "repo": "naersk",
        "type": "github"
      }
    },
    "nixpkgs": {
      "locked": {
        "lastModified": 1780203844,
        "narHash": "sha256-K5sT4jTpGs15ADhviMKNBH38REpPf5Q6mM1+N6cArVE=",
        "owner": "NixOS",
        "repo": "nixpkgs",
        "rev": "b51242d7d43689db2f3be91bd05d5b24fbb469c4",
        "type": "github"
      },
      "original": {
        "owner": "NixOS",
        "ref": "nixos-26.05",
        "repo": "nixpkgs",
        "type": "github"
      }
    },
    "nixpkgs-crowdsec": {
      "locked": {
        "lastModified": 1780424212,
        "narHash": "sha256-3mUjG/7A0x/P3q2Mzsqq+aBO4kWL86oxLOeleysvAEA=",
        "owner": "TornaxO7",
        "repo": "nixpkgs",
        "rev": "5500e2a84a59e9bafd7ff9030f607a84b8784d32",
        "type": "github"
      },
      "original": {
        "owner": "TornaxO7",
        "ref": "crowdsec",
        "repo": "nixpkgs",
        "type": "github"
      }
    },
    "owm": {
      "inputs": {
        "naersk": [
          "naersk"
        ],
        "nixpkgs": [
          "nixpkgs"
        ],
        "systems": [
          "systems"
        ]
      },
      "locked": {
        "lastModified": 1770065430,
        "narHash": "sha256-w0I+a4mNq66uZTDjzRB1rgS6PTz0VDnjtRfa3huV46k=",
        "owner": "justinlovinger",
        "repo": "owm",
        "rev": "6739a20322f9eada7e44a916530c246f5f9e71ec",
        "type": "github"
      },
      "original": {
        "owner": "justinlovinger",
        "repo": "owm",
        "type": "github"
      }
    },
    "root": {
      "inputs": {
        "flow": "flow",
        "home-manager": "home-manager",
        "llm": "llm",
        "mcp-servers-nix": "mcp-servers-nix",
        "mime-db": "mime-db",
        "naersk": "naersk",
        "nixpkgs": "nixpkgs",
        "nixpkgs-crowdsec": "nixpkgs-crowdsec",
        "owm": "owm",
        "systems": "systems",
        "tag": "tag",
        "wayland-pipewire-idle-inhibit": "wayland-pipewire-idle-inhibit",
        "whisp-away": "whisp-away"
      }
    },
    "rust-analyzer-src": {
      "flake": false,
      "locked": {
        "lastModified": 1752428706,
        "narHash": "sha256-EJcdxw3aXfP8Ex1Nm3s0awyH9egQvB2Gu+QEnJn2Sfg=",
        "owner": "rust-lang",
        "repo": "rust-analyzer",
        "rev": "591e3b7624be97e4443ea7b5542c191311aa141d",
        "type": "github"
      },
      "original": {
        "owner": "rust-lang",
        "ref": "nightly",
        "repo": "rust-analyzer",
        "type": "github"
      }
    },
    "systems": {
      "locked": {
        "lastModified": 1681028828,
        "narHash": "sha256-Vy1rq5AaRuLzOxct8nz4T6wlgyUR7zLU309k9mBC768=",
        "owner": "nix-systems",
        "repo": "default",
        "rev": "da67096a3b9bf56a91d16901293e51ba5b49a27e",
        "type": "github"
      },
      "original": {
        "owner": "nix-systems",
        "repo": "default",
        "type": "github"
      }
    },
    "tag": {
      "inputs": {
        "naersk": [
          "naersk"
        ],
        "nixpkgs": [
          "nixpkgs"
        ],
        "systems": [
          "systems"
        ]
      },
      "locked": {
        "lastModified": 1770053637,
        "narHash": "sha256-XnePR/yCzczsDXU2Wpu+gAeim7CJC+sJ3pAQ6o2KsTs=",
        "owner": "justinlovinger",
        "repo": "tag",
        "rev": "67204f789993288a648cf133399ebc596f8ba446",
        "type": "github"
      },
      "original": {
        "owner": "justinlovinger",
        "repo": "tag",
        "type": "github"
      }
    },
    "treefmt-nix": {
      "inputs": {
        "nixpkgs": [
          "wayland-pipewire-idle-inhibit",
          "nixpkgs"
        ]
      },
      "locked": {
        "lastModified": 1773297127,
        "narHash": "sha256-6E/yhXP7Oy/NbXtf1ktzmU8SdVqJQ09HC/48ebEGBpk=",
        "owner": "numtide",
        "repo": "treefmt-nix",
        "rev": "71b125cd05fbfd78cab3e070b73544abe24c5016",
        "type": "github"
      },
      "original": {
        "owner": "numtide",
        "repo": "treefmt-nix",
        "type": "github"
      }
    },
    "wayland-pipewire-idle-inhibit": {
      "inputs": {
        "flake-parts": "flake-parts",
        "nixpkgs": [
          "nixpkgs"
        ],
        "systems": [
          "systems"
        ],
        "treefmt-nix": "treefmt-nix"
      },
      "locked": {
        "lastModified": 1773888879,
        "narHash": "sha256-AIj8Ib66ej35UNlbvGh0zW2lpGQfsh2aJbnxgBNaWAY=",
        "owner": "rafaelrc7",
        "repo": "wayland-pipewire-idle-inhibit",
        "rev": "948aa87003f6c94080650804a6974182e5948ca1",
        "type": "github"
      },
      "original": {
        "owner": "rafaelrc7",
        "repo": "wayland-pipewire-idle-inhibit",
        "type": "github"
      }
    },
    "whisp-away": {
      "inputs": {
        "crane": "crane",
        "nixpkgs": [
          "nixpkgs"
        ]
      },
      "locked": {
        "lastModified": 1768913025,
        "narHash": "sha256-nL4A3iKmhUmORgVem3gGcGP8fwAzvV4PsgfjJgVw/TA=",
        "owner": "madjinn",
        "repo": "whisp-away",
        "rev": "c1561e2418ee13e98a43c276165fc783b34eaede",
        "type": "github"
      },
      "original": {
        "owner": "madjinn",
        "repo": "whisp-away",
        "type": "github"
      }
    }
  },
  "root": "root",
  "version": 7
}
